// !$*UTF8*$!
{ archiveVersion = 1; classes = {}; objectVersion = 56; objects = {
000000000000000000000006 = { isa = PBXFileReference; lastKnownFileType = sourcecode.swift; path = AppDelegate.swift; sourceTree = "<group>"; };
000000000000000000000009 = { isa = PBXBuildFile; fileRef = 000000000000000000000006; };
000000000000000000000007 = { isa = PBXFileReference; lastKnownFileType = folder.assetcatalog; path = Assets.xcassets; sourceTree = "<group>"; };
00000000000000000000000A = { isa = PBXBuildFile; fileRef = 000000000000000000000007; };
000000000000000000000008 = { isa = PBXFileReference; lastKnownFileType = text.xml; path = PrivacyInfo.xcprivacy; sourceTree = "<group>"; };
00000000000000000000000B = { isa = PBXBuildFile; fileRef = 000000000000000000000008; };
000000000000000000000005 = { isa = PBXFileReference; explicitFileType = wrapper.application; path = Homets.app; sourceTree = BUILT_PRODUCTS_DIR; };
000000000000000000000002 = { isa = PBXGroup; children = (000000000000000000000004,000000000000000000000003); sourceTree = "<group>"; };
000000000000000000000004 = { isa = PBXGroup; children = (000000000000000000000006,000000000000000000000007,000000000000000000000008); path = Homets; sourceTree = "<group>"; };
000000000000000000000003 = { isa = PBXGroup; children = (000000000000000000000005); name = Products; sourceTree = "<group>"; };
00000000000000000000000C = { isa = PBXSourcesBuildPhase; buildActionMask = 2147483647; files = (000000000000000000000009); runOnlyForDeploymentPostprocessing = 0; };
00000000000000000000000D = { isa = PBXResourcesBuildPhase; buildActionMask = 2147483647; files = (00000000000000000000000A,00000000000000000000000B); runOnlyForDeploymentPostprocessing = 0; };
00000000000000000000000E = { isa = PBXFrameworksBuildPhase; buildActionMask = 2147483647; files = (); runOnlyForDeploymentPostprocessing = 0; };
00000000000000000000000F = { isa = PBXShellScriptBuildPhase; buildActionMask = 2147483647; files = (); inputPaths = (); outputPaths = (); alwaysOutOfDate = 1; name = "Bundle workout files"; shellPath = /bin/sh; shellScript = "set -eu\nweb=\"$TARGET_BUILD_DIR/$UNLOCALIZED_RESOURCES_FOLDER_PATH/Web\"\nmkdir -p \"$web\"\ncp \"$SRCROOT/../index.html\" \"$SRCROOT/../manifest.webmanifest\" \"$web/\"\ncp -R \"$SRCROOT/../fonts\" \"$SRCROOT/../icons\" \"$web/\"\n"; runOnlyForDeploymentPostprocessing = 0; };
000000000000000000000010 = { isa = PBXNativeTarget; buildConfigurationList = 000000000000000000000012; buildPhases = (00000000000000000000000C,00000000000000000000000E,00000000000000000000000D,00000000000000000000000F); buildRules = (); dependencies = (); name = Homets; productName = Homets; productReference = 000000000000000000000005; productType = "com.apple.product-type.application"; };
000000000000000000000001 = { isa = PBXProject; attributes = {LastUpgradeCheck = 2630;}; buildConfigurationList = 000000000000000000000011; compatibilityVersion = "Xcode 14.0"; developmentRegion = en; knownRegions = (en,Base); mainGroup = 000000000000000000000002; productRefGroup = 000000000000000000000003; projectDirPath = ""; projectRoot = ""; targets = (000000000000000000000010); };
000000000000000000000013 = { isa = XCBuildConfiguration; name = Debug; buildSettings = {SDKROOT = iphoneos; IPHONEOS_DEPLOYMENT_TARGET = 17.0; CLANG_ENABLE_MODULES = YES; SWIFT_VERSION = 5.0; SWIFT_OPTIMIZATION_LEVEL = "-Onone";}; };
000000000000000000000014 = { isa = XCBuildConfiguration; name = Release; buildSettings = {SDKROOT = iphoneos; IPHONEOS_DEPLOYMENT_TARGET = 17.0; CLANG_ENABLE_MODULES = YES; SWIFT_VERSION = 5.0; SWIFT_OPTIMIZATION_LEVEL = "-O";}; };
000000000000000000000015 = { isa = XCBuildConfiguration; name = Debug; buildSettings = {ASSETCATALOG_COMPILER_APPICON_NAME = AppIcon; CODE_SIGN_STYLE = Automatic; DEVELOPMENT_TEAM = A7QB8PT33N; CURRENT_PROJECT_VERSION = 2; MARKETING_VERSION = 1.0; PRODUCT_BUNDLE_IDENTIFIER = com.addvalue.homets; PRODUCT_NAME = "$(TARGET_NAME)"; GENERATE_INFOPLIST_FILE = YES; INFOPLIST_KEY_ITSAppUsesNonExemptEncryption = NO; INFOPLIST_KEY_CFBundleDisplayName = HOMETS; INFOPLIST_KEY_UILaunchScreen_Generation = YES; INFOPLIST_KEY_UISupportedInterfaceOrientations = UIInterfaceOrientationPortrait; INFOPLIST_KEY_UISupportedInterfaceOrientations_iPad = "UIInterfaceOrientationPortrait UIInterfaceOrientationPortraitUpsideDown UIInterfaceOrientationLandscapeLeft UIInterfaceOrientationLandscapeRight"; TARGETED_DEVICE_FAMILY = "1,2"; ENABLE_USER_SCRIPT_SANDBOXING = NO;}; };
000000000000000000000016 = { isa = XCBuildConfiguration; name = Release; buildSettings = {ASSETCATALOG_COMPILER_APPICON_NAME = AppIcon; CODE_SIGN_STYLE = Automatic; DEVELOPMENT_TEAM = A7QB8PT33N; CURRENT_PROJECT_VERSION = 2; MARKETING_VERSION = 1.0; PRODUCT_BUNDLE_IDENTIFIER = com.addvalue.homets; PRODUCT_NAME = "$(TARGET_NAME)"; GENERATE_INFOPLIST_FILE = YES; INFOPLIST_KEY_ITSAppUsesNonExemptEncryption = NO; INFOPLIST_KEY_CFBundleDisplayName = HOMETS; INFOPLIST_KEY_UILaunchScreen_Generation = YES; INFOPLIST_KEY_UISupportedInterfaceOrientations = UIInterfaceOrientationPortrait; INFOPLIST_KEY_UISupportedInterfaceOrientations_iPad = "UIInterfaceOrientationPortrait UIInterfaceOrientationPortraitUpsideDown UIInterfaceOrientationLandscapeLeft UIInterfaceOrientationLandscapeRight"; TARGETED_DEVICE_FAMILY = "1,2"; ENABLE_USER_SCRIPT_SANDBOXING = NO;}; };
000000000000000000000011 = { isa = XCConfigurationList; buildConfigurations = (000000000000000000000013,000000000000000000000014); defaultConfigurationIsVisible = 0; defaultConfigurationName = Release; };
000000000000000000000012 = { isa = XCConfigurationList; buildConfigurations = (000000000000000000000015,000000000000000000000016); defaultConfigurationIsVisible = 0; defaultConfigurationName = Release; };
}; rootObject = 000000000000000000000001; }
